
Microsoft Visual Studio Solution File, Format Version 12.00
# 
Project("{FAE04EC0-301F-11D3-BF4B-00C04F79EFBC}") = "Aria.Server", "Aria.Server\Aria.Server.csproj", "{77FE48BF-E904-4A18-A19E-755E91232626}"
EndProject
Project("{FAE04EC0-301F-11D3-BF4B-00C04F79EFBC}") = "Aria.Database", "Aria.Database\Aria.Database.csproj", "{F03C3630-674E-4570-B2AE-223EC179C26E}"
EndProject
Global
	GlobalSection(SolutionConfigurationPlatforms) = preSolution
		Debug|Any CPU = Debug|Any CPU
		Release|Any CPU = Release|Any CPU
	EndGlobalSection
	GlobalSection(ProjectConfigurationPlatforms) = postSolution
		{77FE48BF-E904-4A18-A19E-755E91232626}.Debug|Any CPU.ActiveCfg = Debug|Any CPU
		{77FE48BF-E904-4A18-A19E-755E91232626}.Debug|Any CPU.Build.0 = Debug|Any CPU
		{77FE48BF-E904-4A18-A19E-755E91232626}.Release|Any CPU.ActiveCfg = Release|Any CPU
		{77FE48BF-E904-4A18-A19E-755E91232626}.Release|Any CPU.Build.0 = Release|Any CPU
		{F03C3630-674E-4570-B2AE-223EC179C26E}.Debug|Any CPU.ActiveCfg = Debug|Any CPU
		{F03C3630-674E-4570-B2AE-223EC179C26E}.Debug|Any CPU.Build.0 = Debug|Any CPU
		{F03C3630-674E-4570-B2AE-223EC179C26E}.Release|Any CPU.ActiveCfg = Release|Any CPU
		{F03C3630-674E-4570-B2AE-223EC179C26E}.Release|Any CPU.Build.0 = Release|Any CPU
	EndGlobalSection
	GlobalSection(NestedProjects) = preSolution
		{F03C3630-674E-4570-B2AE-223EC179C26E} = {33C366AC-730D-4AA0-85F0-05EAEA5218EB}
	EndGlobalSection
EndGlobal
